<?xml version="1.0" encoding="utf-8"?><WorkWithObjectsConfig xmlns:xsi="http://www.w3.org/2001/XMLSchema-instance" xmlns:xsd="http://www.w3.org/2001/XMLSchema"><Pattern /><Type>*Objects</Type><ShowAll>false</ShowAll><WSObjectsNames /><WSObjectsTypes /><ShowMore>true</ShowMore><Category>*All</Category><Parent /><ModifiedBy>false</ModifiedBy><Search /><UserName /><DateTypeFilter /><DateFilter>0001-01-01T00:00:00</DateFilter><ColumnNameSize>246</ColumnNameSize><ColumnTypeSize>109</ColumnTypeSize><ColumnDescriptionSize>292</ColumnDescriptionSize><ColumnDateSize>18</ColumnDateSize><ColumnUserSize>9</ColumnUserSize><ColumnImportDateSize>9</ColumnImportDateSize><ColumnSpecifiedDateSize>135</ColumnSpecifiedDateSize><FormWidth>0</FormWidth><FormHeigth>0</FormHeigth></WorkWithObjectsConfig>